// !$*UTF8*$!
{
	archiveVersion = 1;
	classes = {
	};
	objectVersion = 48;
	objects = {

/* Begin PBXBuildFile section */
		326BADCF2038BC3A0048CF91 /* AppDelegate.swift in Sources */ = {isa = PBXBuildFile; fileRef = 326BADCE2038BC3A0048CF91 /* AppDelegate.swift */; };
		326BADD12038BC3A0048CF91 /* ViewController.swift in Sources */ = {isa = PBXBuildFile; fileRef = 326BADD02038BC3A0048CF91 /* ViewController.swift */; };
		326BADD42038BC3A0048CF91 /* Main.storyboard in Resources */ = {isa = PBXBuildFile; fileRef = 326BADD22038BC3A0048CF91 /* Main.storyboard */; };
		326BADD72038BC3A0048CF91 /* DandyHacksProject.xcdatamodeld in Sources */ = {isa = PBXBuildFile; fileRef = 326BADD52038BC3A0048CF91 /* DandyHacksProject.xcdatamodeld */; };
		326BADD92038BC3A0048CF91 /* Assets.xcassets in Resources */ = {isa = PBXBuildFile; fileRef = 326BADD82038BC3A0048CF91 /* Assets.xcassets */; };
		326BADDC2038BC3A0048CF91 /* LaunchScreen.storyboard in Resources */ = {isa = PBXBuildFile; fileRef = 326BADDA2038BC3A0048CF91 /* LaunchScreen.storyboard */; };
		326BADE72038BC3A0048CF91 /* DandyHacksProjectTests.swift in Sources */ = {isa = PBXBuildFile; fileRef = 326BADE62038BC3A0048CF91 /* DandyHacksProjectTests.swift */; };
		326BADF22038BC3A0048CF91 /* DandyHacksProjectUITests.swift in Sources */ = {isa = PBXBuildFile; fileRef = 326BADF12038BC3A0048CF91 /* DandyHacksProjectUITests.swift */; };
		326BAE002038CCA90048CF91 /* StoreScreenCell.swift in Sources */ = {isa = PBXBuildFile; fileRef = 326BADFF2038CCA90048CF91 /* StoreScreenCell.swift */; };
		326BAE022038D3530048CF91 /* OrderStoresVC.swift in Sources */ = {isa = PBXBuildFile; fileRef = 326BAE012038D3530048CF91 /* OrderStoresVC.swift */; };
		326BAE042038E06E0048CF91 /* MenuItemCell.swift in Sources */ = {isa = PBXBuildFile; fileRef = 326BAE032038E06E0048CF91 /* MenuItemCell.swift */; };
		326BAE082038E25C0048CF91 /* MenuItemVC.swift in Sources */ = {isa = PBXBuildFile; fileRef = 326BAE072038E25C0048CF91 /* MenuItemVC.swift */; };
		326BAE0A2038E5010048CF91 /* MenuItem.swift in Sources */ = {isa = PBXBuildFile; fileRef = 326BAE092038E5010048CF91 /* MenuItem.swift */; };
		326BAE0C20394EBA0048CF91 /* PickTypeVC.swift in Sources */ = {isa = PBXBuildFile; fileRef = 326BAE0B20394EBA0048CF91 /* PickTypeVC.swift */; };
		326BAE0E203960050048CF91 /* Store.swift in Sources */ = {isa = PBXBuildFile; fileRef = 326BAE0D203960050048CF91 /* Store.swift */; };
		326BAE1220397EF20048CF91 /* AddItemVC.swift in Sources */ = {isa = PBXBuildFile; fileRef = 326BAE1120397EF20048CF91 /* AddItemVC.swift */; };
		326BAE14203992B50048CF91 /* CheckoutCell.swift in Sources */ = {isa = PBXBuildFile; fileRef = 326BAE13203992B50048CF91 /* CheckoutCell.swift */; };
		326BAE162039938F0048CF91 /* CheckoutVC.swift in Sources */ = {isa = PBXBuildFile; fileRef = 326BAE152039938F0048CF91 /* CheckoutVC.swift */; };
/* End PBXBuildFile section */

/* Begin PBXContainerItemProxy section */
		326BADE32038BC3A0048CF91 /* PBXContainerItemProxy */ = {
			isa = PBXContainerItemProxy;
			containerPortal = 326BADC32038BC390048CF91 /* Project object */;
			proxyType = 1;
			remoteGlobalIDString = 326BADCA2038BC3A0048CF91;
			remoteInfo = DandyHacksProject;
		};
		326BADEE2038BC3A0048CF91 /* PBXContainerItemProxy */ = {
			isa = PBXContainerItemProxy;
			containerPortal = 326BADC32038BC390048CF91 /* Project object */;
			proxyType = 1;
			remoteGlobalIDString = 326BADCA2038BC3A0048CF91;
			remoteInfo = DandyHacksProject;
		};
/* End PBXContainerItemProxy section */

/* Begin PBXFileReference section */
		326BADCB2038BC3A0048CF91 /* DandyHacksProject.app */ = {isa = PBXFileReference; explicitFileType = wrapper.application; includeInIndex = 0; path = DandyHacksProject.app; sourceTree = BUILT_PRODUCTS_DIR; };
		326BADCE2038BC3A0048CF91 /* AppDelegate.swift */ = {isa = PBXFileReference; lastKnownFileType = sourcecode.swift; path = AppDelegate.swift; sourceTree = "<group>"; };
		326BADD02038BC3A0048CF91 /* ViewController.swift */ = {isa = PBXFileReference; lastKnownFileType = sourcecode.swift; path = ViewController.swift; sourceTree = "<group>"; };
		326BADD32038BC3A0048CF91 /* Base */ = {isa = PBXFileReference; lastKnownFileType = file.storyboard; name = Base; path = Base.lproj/Main.storyboard; sourceTree = "<group>"; };
		326BADD62038BC3A0048CF91 /* DandyHacksProject.xcdatamodel */ = {isa = PBXFileReference; lastKnownFileType = wrapper.xcdatamodel; path = DandyHacksProject.xcdatamodel; sourceTree = "<group>"; };
		326BADD82038BC3A0048CF91 /* Assets.xcassets */ = {isa = PBXFileReference; lastKnownFileType = folder.assetcatalog; path = Assets.xcassets; sourceTree = "<group>"; };
		326BADDB2038BC3A0048CF91 /* Base */ = {isa = PBXFileReference; lastKnownFileType = file.storyboard; name = Base; path = Base.lproj/LaunchScreen.storyboard; sourceTree = "<group>"; };
		326BADDD2038BC3A0048CF91 /* Info.plist */ = {isa = PBXFileReference; lastKnownFileType = text.plist.xml; path = Info.plist; sourceTree = "<group>"; };
		326BADE22038BC3A0048CF91 /* DandyHacksProjectTests.xctest */ = {isa = PBXFileReference; explicitFileType = wrapper.cfbundle; includeInIndex = 0; path = DandyHacksProjectTests.xctest; sourceTree = BUILT_PRODUCTS_DIR; };
		326BADE62038BC3A0048CF91 /* DandyHacksProjectTests.swift */ = {isa = PBXFileReference; lastKnownFileType = sourcecode.swift; path = DandyHacksProjectTests.swift; sourceTree = "<group>"; };
		326BADE82038BC3A0048CF91 /* Info.plist */ = {isa = PBXFileReference; lastKnownFileType = text.plist.xml; path = Info.plist; sourceTree = "<group>"; };
		326BADED2038BC3A0048CF91 /* DandyHacksProjectUITests.xctest */ = {isa = PBXFileReference; explicitFileType = wrapper.cfbundle; includeInIndex = 0; path = DandyHacksProjectUITests.xctest; sourceTree = BUILT_PRODUCTS_DIR; };
		326BADF12038BC3A0048CF91 /* DandyHacksProjectUITests.swift */ = {isa = PBXFileReference; lastKnownFileType = sourcecode.swift; path = DandyHacksProjectUITests.swift; sourceTree = "<group>"; };
		326BADF32038BC3A0048CF91 /* Info.plist */ = {isa = PBXFileReference; lastKnownFileType = text.plist.xml; path = Info.plist; sourceTree = "<group>"; };
		326BADFF2038CCA90048CF91 /* StoreScreenCell.swift */ = {isa = PBXFileReference; lastKnownFileType = sourcecode.swift; path = StoreScreenCell.swift; sourceTree = "<group>"; };
		326BAE012038D3530048CF91 /* OrderStoresVC.swift */ = {isa = PBXFileReference; lastKnownFileType = sourcecode.swift; path = OrderStoresVC.swift; sourceTree = "<group>"; };
		326BAE032038E06E0048CF91 /* MenuItemCell.swift */ = {isa = PBXFileReference; lastKnownFileType = sourcecode.swift; path = MenuItemCell.swift; sourceTree = "<group>"; };
		326BAE072038E25C0048CF91 /* MenuItemVC.swift */ = {isa = PBXFileReference; lastKnownFileType = sourcecode.swift; path = MenuItemVC.swift; sourceTree = "<group>"; };
		326BAE092038E5010048CF91 /* MenuItem.swift */ = {isa = PBXFileReference; lastKnownFileType = sourcecode.swift; path = MenuItem.swift; sourceTree = "<group>"; };
		326BAE0B20394EBA0048CF91 /* PickTypeVC.swift */ = {isa = PBXFileReference; lastKnownFileType = sourcecode.swift; path = PickTypeVC.swift; sourceTree = "<group>"; };
		326BAE0D203960050048CF91 /* Store.swift */ = {isa = PBXFileReference; lastKnownFileType = sourcecode.swift; path = Store.swift; sourceTree = "<group>"; };
		326BAE1120397EF20048CF91 /* AddItemVC.swift */ = {isa = PBXFileReference; lastKnownFileType = sourcecode.swift; path = AddItemVC.swift; sourceTree = "<group>"; };
		326BAE13203992B50048CF91 /* CheckoutCell.swift */ = {isa = PBXFileReference; lastKnownFileType = sourcecode.swift; path = CheckoutCell.swift; sourceTree = "<group>"; };
		326BAE152039938F0048CF91 /* CheckoutVC.swift */ = {isa = PBXFileReference; lastKnownFileType = sourcecode.swift; path = CheckoutVC.swift; sourceTree = "<group>"; };
/* End PBXFileReference section */

/* Begin PBXFrameworksBuildPhase section */
		326BADC82038BC3A0048CF91 /* Frameworks */ = {
			isa = PBXFrameworksBuildPhase;
			buildActionMask = 2147483647;
			files = (
			);
			runOnlyForDeploymentPostprocessing = 0;
		};
		326BADDF2038BC3A0048CF91 /* Frameworks */ = {
			isa = PBXFrameworksBuildPhase;
			buildActionMask = 2147483647;
			files = (
			);
			runOnlyForDeploymentPostprocessing = 0;
		};
		326BADEA2038BC3A0048CF91 /* Frameworks */ = {
			isa = PBXFrameworksBuildPhase;
			buildActionMask = 2147483647;
			files = (
			);
			runOnlyForDeploymentPostprocessing = 0;
		};
/* End PBXFrameworksBuildPhase section */

/* Begin PBXGroup section */
		326BADC22038BC390048CF91 = {
			isa = PBXGroup;
			children = (
				326BADCD2038BC3A0048CF91 /* DandyHacksProject */,
				326BADE52038BC3A0048CF91 /* DandyHacksProjectTests */,
				326BADF02038BC3A0048CF91 /* DandyHacksProjectUITests */,
				326BADCC2038BC3A0048CF91 /* Products */,
			);
			sourceTree = "<group>";
		};
		326BADCC2038BC3A0048CF91 /* Products */ = {
			isa = PBXGroup;
			children = (
				326BADCB2038BC3A0048CF91 /* DandyHacksProject.app */,
				326BADE22038BC3A0048CF91 /* DandyHacksProjectTests.xctest */,
				326BADED2038BC3A0048CF91 /* DandyHacksProjectUITests.xctest */,
			);
			name = Products;
			sourceTree = "<group>";
		};
		326BADCD2038BC3A0048CF91 /* DandyHacksProject */ = {
			isa = PBXGroup;
			children = (
				326BAE052038E0890048CF91 /* ViewControllers */,
				326BAE062038E0B10048CF91 /* TableViewCells */,
				326BADCE2038BC3A0048CF91 /* AppDelegate.swift */,
				326BAE0D203960050048CF91 /* Store.swift */,
				326BAE092038E5010048CF91 /* MenuItem.swift */,
				326BADD22038BC3A0048CF91 /* Main.storyboard */,
				326BADD82038BC3A0048CF91 /* Assets.xcassets */,
				326BADDA2038BC3A0048CF91 /* LaunchScreen.storyboard */,
				326BADDD2038BC3A0048CF91 /* Info.plist */,
				326BADD52038BC3A0048CF91 /* DandyHacksProject.xcdatamodeld */,
			);
			path = DandyHacksProject;
			sourceTree = "<group>";
		};
		326BADE52038BC3A0048CF91 /* DandyHacksProjectTests */ = {
			isa = PBXGroup;
			children = (
				326BADE62038BC3A0048CF91 /* DandyHacksProjectTests.swift */,
				326BADE82038BC3A0048CF91 /* Info.plist */,
			);
			path = DandyHacksProjectTests;
			sourceTree = "<group>";
		};
		326BADF02038BC3A0048CF91 /* DandyHacksProjectUITests */ = {
			isa = PBXGroup;
			children = (
				326BADF12038BC3A0048CF91 /* DandyHacksProjectUITests.swift */,
				326BADF32038BC3A0048CF91 /* Info.plist */,
			);
			path = DandyHacksProjectUITests;
			sourceTree = "<group>";
		};
		326BAE052038E0890048CF91 /* ViewControllers */ = {
			isa = PBXGroup;
			children = (
				326BADD02038BC3A0048CF91 /* ViewController.swift */,
				326BAE012038D3530048CF91 /* OrderStoresVC.swift */,
				326BAE072038E25C0048CF91 /* MenuItemVC.swift */,
				326BAE0B20394EBA0048CF91 /* PickTypeVC.swift */,
				326BAE1120397EF20048CF91 /* AddItemVC.swift */,
				326BAE152039938F0048CF91 /* CheckoutVC.swift */,
			);
			path = ViewControllers;
			sourceTree = "<group>";
		};
		326BAE062038E0B10048CF91 /* TableViewCells */ = {
			isa = PBXGroup;
			children = (
				326BADFF2038CCA90048CF91 /* StoreScreenCell.swift */,
				326BAE032038E06E0048CF91 /* MenuItemCell.swift */,
				326BAE13203992B50048CF91 /* CheckoutCell.swift */,
			);
			path = TableViewCells;
			sourceTree = "<group>";
		};
/* End PBXGroup section */

/* Begin PBXNativeTarget section */
		326BADCA2038BC3A0048CF91 /* DandyHacksProject */ = {
			isa = PBXNativeTarget;
			buildConfigurationList = 326BADF62038BC3A0048CF91 /* Build configuration list for PBXNativeTarget "DandyHacksProject" */;
			buildPhases = (
				326BADC72038BC3A0048CF91 /* Sources */,
				326BADC82038BC3A0048CF91 /* Frameworks */,
				326BADC92038BC3A0048CF91 /* Resources */,
			);
			buildRules = (
			);
			dependencies = (
			);
			name = DandyHacksProject;
			productName = DandyHacksProject;
			productReference = 326BADCB2038BC3A0048CF91 /* DandyHacksProject.app */;
			productType = "com.apple.product-type.application";
		};
		326BADE12038BC3A0048CF91 /* DandyHacksProjectTests */ = {
			isa = PBXNativeTarget;
			buildConfigurationList = 326BADF92038BC3A0048CF91 /* Build configuration list for PBXNativeTarget "DandyHacksProjectTests" */;
			buildPhases = (
				326BADDE2038BC3A0048CF91 /* Sources */,
				326BADDF2038BC3A0048CF91 /* Frameworks */,
				326BADE02038BC3A0048CF91 /* Resources */,
			);
			buildRules = (
			);
			dependencies = (
				326BADE42038BC3A0048CF91 /* PBXTargetDependency */,
			);
			name = DandyHacksProjectTests;
			productName = DandyHacksProjectTests;
			productReference = 326BADE22038BC3A0048CF91 /* DandyHacksProjectTests.xctest */;
			productType = "com.apple.product-type.bundle.unit-test";
		};
		326BADEC2038BC3A0048CF91 /* DandyHacksProjectUITests */ = {
			isa = PBXNativeTarget;
			buildConfigurationList = 326BADFC2038BC3A0048CF91 /* Build configuration list for PBXNativeTarget "DandyHacksProjectUITests" */;
			buildPhases = (
				326BADE92038BC3A0048CF91 /* Sources */,
				326BADEA2038BC3A0048CF91 /* Frameworks */,
				326BADEB2038BC3A0048CF91 /* Resources */,
			);
			buildRules = (
			);
			dependencies = (
				326BADEF2038BC3A0048CF91 /* PBXTargetDependency */,
			);
			name = DandyHacksProjectUITests;
			productName = DandyHacksProjectUITests;
			productReference = 326BADED2038BC3A0048CF91 /* DandyHacksProjectUITests.xctest */;
			productType = "com.apple.product-type.bundle.ui-testing";
		};
/* End PBXNativeTarget section */

/* Begin PBXProject section */
		326BADC32038BC390048CF91 /* Project object */ = {
			isa = PBXProject;
			attributes = {
				LastSwiftUpdateCheck = 0920;
				LastUpgradeCheck = 0920;
				ORGANIZATIONNAME = "Abrar Bhuiyan";
				TargetAttributes = {
					326BADCA2038BC3A0048CF91 = {
						CreatedOnToolsVersion = 9.2;
						ProvisioningStyle = Automatic;
					};
					326BADE12038BC3A0048CF91 = {
						CreatedOnToolsVersion = 9.2;
						ProvisioningStyle = Automatic;
						TestTargetID = 326BADCA2038BC3A0048CF91;
					};
					326BADEC2038BC3A0048CF91 = {
						CreatedOnToolsVersion = 9.2;
						ProvisioningStyle = Automatic;
						TestTargetID = 326BADCA2038BC3A0048CF91;
					};
				};
			};
			buildConfigurationList = 326BADC62038BC390048CF91 /* Build configuration list for PBXProject "DandyHacksProject" */;
			compatibilityVersion = "Xcode 8.0";
			developmentRegion = en;
			hasScannedForEncodings = 0;
			knownRegions = (
				en,
				Base,
			);
			mainGroup = 326BADC22038BC390048CF91;
			productRefGroup = 326BADCC2038BC3A0048CF91 /* Products */;
			projectDirPath = "";
			projectRoot = "";
			targets = (
				326BADCA2038BC3A0048CF91 /* DandyHacksProject */,
				326BADE12038BC3A0048CF91 /* DandyHacksProjectTests */,
				326BADEC2038BC3A0048CF91 /* DandyHacksProjectUITests */,
			);
		};
/* End PBXProject section */

/* Begin PBXResourcesBuildPhase section */
		326BADC92038BC3A0048CF91 /* Resources */ = {
			isa = PBXResourcesBuildPhase;
			buildActionMask = 2147483647;
			files = (
				326BADDC2038BC3A0048CF91 /* LaunchScreen.storyboard in Resources */,
				326BADD92038BC3A0048CF91 /* Assets.xcassets in Resources */,
				326BADD42038BC3A0048CF91 /* Main.storyboard in Resources */,
			);
			runOnlyForDeploymentPostprocessing = 0;
		};
		326BADE02038BC3A0048CF91 /* Resources */ = {
			isa = PBXResourcesBuildPhase;
			buildActionMask = 2147483647;
			files = (
			);
			runOnlyForDeploymentPostprocessing = 0;
		};
		326BADEB2038BC3A0048CF91 /* Resources */ = {
			isa = PBXResourcesBuildPhase;
			buildActionMask = 2147483647;
			files = (
			);
			runOnlyForDeploymentPostprocessing = 0;
		};
/* End PBXResourcesBuildPhase section */

/* Begin PBXSourcesBuildPhase section */
		326BADC72038BC3A0048CF91 /* Sources */ = {
			isa = PBXSourcesBuildPhase;
			buildActionMask = 2147483647;
			files = (
				326BAE022038D3530048CF91 /* OrderStoresVC.swift in Sources */,
				326BADD72038BC3A0048CF91 /* DandyHacksProject.xcdatamodeld in Sources */,
				326BAE002038CCA90048CF91 /* StoreScreenCell.swift in Sources */,
				326BAE042038E06E0048CF91 /* MenuItemCell.swift in Sources */,
				326BAE082038E25C0048CF91 /* MenuItemVC.swift in Sources */,
				326BAE1220397EF20048CF91 /* AddItemVC.swift in Sources */,
				326BAE0E203960050048CF91 /* Store.swift in Sources */,
				326BAE14203992B50048CF91 /* CheckoutCell.swift in Sources */,
				326BAE0A2038E5010048CF91 /* MenuItem.swift in Sources */,
				326BADD12038BC3A0048CF91 /* ViewController.swift in Sources */,
				326BAE0C20394EBA0048CF91 /* PickTypeVC.swift in Sources */,
				326BADCF2038BC3A0048CF91 /* AppDelegate.swift in Sources */,
				326BAE162039938F0048CF91 /* CheckoutVC.swift in Sources */,
			);
			runOnlyForDeploymentPostprocessing = 0;
		};
		326BADDE2038BC3A0048CF91 /* Sources */ = {
			isa = PBXSourcesBuildPhase;
			buildActionMask = 2147483647;
			files = (
				326BADE72038BC3A0048CF91 /* DandyHacksProjectTests.swift in Sources */,
			);
			runOnlyForDeploymentPostprocessing = 0;
		};
		326BADE92038BC3A0048CF91 /* Sources */ = {
			isa = PBXSourcesBuildPhase;
			buildActionMask = 2147483647;
			files = (
				326BADF22038BC3A0048CF91 /* DandyHacksProjectUITests.swift in Sources */,
			);
			runOnlyForDeploymentPostprocessing = 0;
		};
/* End PBXSourcesBuildPhase section */

/* Begin PBXTargetDependency section */
		326BADE42038BC3A0048CF91 /* PBXTargetDependency */ = {
			isa = PBXTargetDependency;
			target = 326BADCA2038BC3A0048CF91 /* DandyHacksProject */;
			targetProxy = 326BADE32038BC3A0048CF91 /* PBXContainerItemProxy */;
		};
		326BADEF2038BC3A0048CF91 /* PBXTargetDependency */ = {
			isa = PBXTargetDependency;
			target = 326BADCA2038BC3A0048CF91 /* DandyHacksProject */;
			targetProxy = 326BADEE2038BC3A0048CF91 /* PBXContainerItemProxy */;
		};
/* End PBXTargetDependency section */

/* Begin PBXVariantGroup section */
		326BADD22038BC3A0048CF91 /* Main.storyboard */ = {
			isa = PBXVariantGroup;
			children = (
				326BADD32038BC3A0048CF91 /* Base */,
			);
			name = Main.storyboard;
			sourceTree = "<group>";
		};
		326BADDA2038BC3A0048CF91 /* LaunchScreen.storyboard */ = {
			isa = PBXVariantGroup;
			children = (
				326BADDB2038BC3A0048CF91 /* Base */,
			);
			name = LaunchScreen.storyboard;
			sourceTree = "<group>";
		};
/* End PBXVariantGroup section */

/* Begin XCBuildConfiguration section */
		326BADF42038BC3A0048CF91 /* Debug */ = {
			isa = XCBuildConfiguration;
			buildSettings = {
				ALWAYS_SEARCH_USER_PATHS = NO;
				CLANG_ANALYZER_NONNULL = YES;
				CLANG_ANALYZER_NUMBER_OBJECT_CONVERSION = YES_AGGRESSIVE;
				CLANG_CXX_LANGUAGE_STANDARD = "gnu++14";
				CLANG_CXX_LIBRARY = "libc++";
				CLANG_ENABLE_MODULES = YES;
				CLANG_ENABLE_OBJC_ARC = YES;
				CLANG_WARN_BLOCK_CAPTURE_AUTORELEASING = YES;
				CLANG_WARN_BOOL_CONVERSION = YES;
				CLANG_WARN_COMMA = YES;
				CLANG_WARN_CONSTANT_CONVERSION = YES;
				CLANG_WARN_DIRECT_OBJC_ISA_USAGE = YES_ERROR;
				CLANG_WARN_DOCUMENTATION_COMMENTS = YES;
				CLANG_WARN_EMPTY_BODY = YES;
				CLANG_WARN_ENUM_CONVERSION = YES;
				CLANG_WARN_INFINITE_RECURSION = YES;
				CLANG_WARN_INT_CONVERSION = YES;
				CLANG_WARN_NON_LITERAL_NULL_CONVERSION = YES;
				CLANG_WARN_OBJC_LITERAL_CONVERSION = YES;
				CLANG_WARN_OBJC_ROOT_CLASS = YES_ERROR;
				CLANG_WARN_RANGE_LOOP_ANALYSIS = YES;
				CLANG_WARN_STRICT_PROTOTYPES = YES;
				CLANG_WARN_SUSPICIOUS_MOVE = YES;
				CLANG_WARN_UNGUARDED_AVAILABILITY = YES_AGGRESSIVE;
				CLANG_WARN_UNREACHABLE_CODE = YES;
				CLANG_WARN__DUPLICATE_METHOD_MATCH = YES;
				CODE_SIGN_IDENTITY = "iPhone Developer";
				COPY_PHASE_STRIP = NO;
				DEBUG_INFORMATION_FORMAT = dwarf;
				ENABLE_STRICT_OBJC_MSGSEND = YES;
				ENABLE_TESTABILITY = YES;
				GCC_C_LANGUAGE_STANDARD = gnu11;
				GCC_DYNAMIC_NO_PIC = NO;
				GCC_NO_COMMON_BLOCKS = YES;
				GCC_OPTIMIZATION_LEVEL = 0;
				GCC_PREPROCESSOR_DEFINITIONS = (
					"DEBUG=1",
					"$(inherited)",
				);
				GCC_WARN_64_TO_32_BIT_CONVERSION = YES;
				GCC_WARN_ABOUT_RETURN_TYPE = YES_ERROR;
				GCC_WARN_UNDECLARED_SELECTOR = YES;
				GCC_WARN_UNINITIALIZED_AUTOS = YES_AGGRESSIVE;
				GCC_WARN_UNUSED_FUNCTION = YES;
				GCC_WARN_UNUSED_VARIABLE = YES;
				IPHONEOS_DEPLOYMENT_TARGET = 11.2;
				MTL_ENABLE_DEBUG_INFO = YES;
				ONLY_ACTIVE_ARCH = YES;
				SDKROOT = iphoneos;
				SWIFT_ACTIVE_COMPILATION_CONDITIONS = DEBUG;
				SWIFT_OPTIMIZATION_LEVEL = "-Onone";
			};
			name = Debug;
		};
		326BADF52038BC3A0048CF91 /* Release */ = {
			isa = XCBuildConfiguration;
			buildSettings = {
				ALWAYS_SEARCH_USER_PATHS = NO;
				CLANG_ANALYZER_NONNULL = YES;
				CLANG_ANALYZER_NUMBER_OBJECT_CONVERSION = YES_AGGRESSIVE;
				CLANG_CXX_LANGUAGE_STANDARD = "gnu++14";
				CLANG_CXX_LIBRARY = "libc++";
				CLANG_ENABLE_MODULES = YES;
				CLANG_ENABLE_OBJC_ARC = YES;
				CLANG_WARN_BLOCK_CAPTURE_AUTORELEASING = YES;
				CLANG_WARN_BOOL_CONVERSION = YES;
				CLANG_WARN_COMMA = YES;
				CLANG_WARN_CONSTANT_CONVERSION = YES;
				CLANG_WARN_DIRECT_OBJC_ISA_USAGE = YES_ERROR;
				CLANG_WARN_DOCUMENTATION_COMMENTS = YES;
				CLANG_WARN_EMPTY_BODY = YES;
				CLANG_WARN_ENUM_CONVERSION = YES;
				CLANG_WARN_INFINITE_RECURSION = YES;
				CLANG_WARN_INT_CONVERSION = YES;
				CLANG_WARN_NON_LITERAL_NULL_CONVERSION = YES;
				CLANG_WARN_OBJC_LITERAL_CONVERSION = YES;
				CLANG_WARN_OBJC_ROOT_CLASS = YES_ERROR;
				CLANG_WARN_RANGE_LOOP_ANALYSIS = YES;
				CLANG_WARN_STRICT_PROTOTYPES = YES;
				CLANG_WARN_SUSPICIOUS_MOVE = YES;
				CLANG_WARN_UNGUARDED_AVAILABILITY = YES_AGGRESSIVE;
				CLANG_WARN_UNREACHABLE_CODE = YES;
				CLANG_WARN__DUPLICATE_METHOD_MATCH = YES;
				CODE_SIGN_IDENTITY = "iPhone Developer";
				COPY_PHASE_STRIP = NO;
				DEBUG_INFORMATION_FORMAT = "dwarf-with-dsym";
				ENABLE_NS_ASSERTIONS = NO;
				ENABLE_STRICT_OBJC_MSGSEND = YES;
				GCC_C_LANGUAGE_STANDARD = gnu11;
				GCC_NO_COMMON_BLOCKS = YES;
				GCC_WARN_64_TO_32_BIT_CONVERSION = YES;
				GCC_WARN_ABOUT_RETURN_TYPE = YES_ERROR;
				GCC_WARN_UNDECLARED_SELECTOR = YES;
				GCC_WARN_UNINITIALIZED_AUTOS = YES_AGGRESSIVE;
				GCC_WARN_UNUSED_FUNCTION = YES;
				GCC_WARN_UNUSED_VARIABLE = YES;
				IPHONEOS_DEPLOYMENT_TARGET = 11.2;
				MTL_ENABLE_DEBUG_INFO = NO;
				SDKROOT = iphoneos;
				SWIFT_OPTIMIZATION_LEVEL = "-Owholemodule";
				VALIDATE_PRODUCT = YES;
			};
			name = Release;
		};
		326BADF72038BC3A0048CF91 /* Debug */ = {
			isa = XCBuildConfiguration;
			buildSettings = {
				ASSETCATALOG_COMPILER_APPICON_NAME = AppIcon;
				CODE_SIGN_STYLE = Automatic;
				INFOPLIST_FILE = DandyHacksProject/Info.plist;
				LD_RUNPATH_SEARCH_PATHS = "$(inherited) @executable_path/Frameworks";
				PRODUCT_BUNDLE_IDENTIFIER = com.abrarbhuiyan.DandyHacksProject;
				PRODUCT_NAME = "$(TARGET_NAME)";
				SWIFT_VERSION = 4.0;
				TARGETED_DEVICE_FAMILY = "1,2";
			};
			name = Debug;
		};
		326BADF82038BC3A0048CF91 /* Release */ = {
			isa = XCBuildConfiguration;
			buildSettings = {
				ASSETCATALOG_COMPILER_APPICON_NAME = AppIcon;
				CODE_SIGN_STYLE = Automatic;
				INFOPLIST_FILE = DandyHacksProject/Info.plist;
				LD_RUNPATH_SEARCH_PATHS = "$(inherited) @executable_path/Frameworks";
				PRODUCT_BUNDLE_IDENTIFIER = com.abrarbhuiyan.DandyHacksProject;
				PRODUCT_NAME = "$(TARGET_NAME)";
				SWIFT_VERSION = 4.0;
				TARGETED_DEVICE_FAMILY = "1,2";
			};
			name = Release;
		};
		326BADFA2038BC3A0048CF91 /* Debug */ = {
			isa = XCBuildConfiguration;
			buildSettings = {
				ALWAYS_EMBED_SWIFT_STANDARD_LIBRARIES = YES;
				BUNDLE_LOADER = "$(TEST_HOST)";
				CODE_SIGN_STYLE = Automatic;
				INFOPLIST_FILE = DandyHacksProjectTests/Info.plist;
				LD_RUNPATH_SEARCH_PATHS = "$(inherited) @executable_path/Frameworks @loader_path/Frameworks";
				PRODUCT_BUNDLE_IDENTIFIER = com.abrarbhuiyan.DandyHacksProjectTests;
				PRODUCT_NAME = "$(TARGET_NAME)";
				SWIFT_VERSION = 4.0;
				TARGETED_DEVICE_FAMILY = "1,2";
				TEST_HOST = "$(BUILT_PRODUCTS_DIR)/DandyHacksProject.app/DandyHacksProject";
			};
			name = Debug;
		};
		326BADFB2038BC3A0048CF91 /* Release */ = {
			isa = XCBuildConfiguration;
			buildSettings = {
				ALWAYS_EMBED_SWIFT_STANDARD_LIBRARIES = YES;
				BUNDLE_LOADER = "$(TEST_HOST)";
				CODE_SIGN_STYLE = Automatic;
				INFOPLIST_FILE = DandyHacksProjectTests/Info.plist;
				LD_RUNPATH_SEARCH_PATHS = "$(inherited) @executable_path/Frameworks @loader_path/Frameworks";
				PRODUCT_BUNDLE_IDENTIFIER = com.abrarbhuiyan.DandyHacksProjectTests;
				PRODUCT_NAME = "$(TARGET_NAME)";
				SWIFT_VERSION = 4.0;
				TARGETED_DEVICE_FAMILY = "1,2";
				TEST_HOST = "$(BUILT_PRODUCTS_DIR)/DandyHacksProject.app/DandyHacksProject";
			};
			name = Release;
		};
		326BADFD2038BC3A0048CF91 /* Debug */ = {
			isa = XCBuildConfiguration;
			buildSettings = {
				ALWAYS_EMBED_SWIFT_STANDARD_LIBRARIES = YES;
				CODE_SIGN_STYLE = Automatic;
				INFOPLIST_FILE = DandyHacksProjectUITests/Info.plist;
				LD_RUNPATH_SEARCH_PATHS = "$(inherited) @executable_path/Frameworks @loader_path/Frameworks";
				PRODUCT_BUNDLE_IDENTIFIER = com.abrarbhuiyan.DandyHacksProjectUITests;
				PRODUCT_NAME = "$(TARGET_NAME)";
				SWIFT_VERSION = 4.0;
				TARGETED_DEVICE_FAMILY = "1,2";
				TEST_TARGET_NAME = DandyHacksProject;
			};
			name = Debug;
		};
		326BADFE2038BC3A0048CF91 /* Release */ = {
			isa = XCBuildConfiguration;
			buildSettings = {
				ALWAYS_EMBED_SWIFT_STANDARD_LIBRARIES = YES;
				CODE_SIGN_STYLE = Automatic;
				INFOPLIST_FILE = DandyHacksProjectUITests/Info.plist;
				LD_RUNPATH_SEARCH_PATHS = "$(inherited) @executable_path/Frameworks @loader_path/Frameworks";
				PRODUCT_BUNDLE_IDENTIFIER = com.abrarbhuiyan.DandyHacksProjectUITests;
				PRODUCT_NAME = "$(TARGET_NAME)";
				SWIFT_VERSION = 4.0;
				TARGETED_DEVICE_FAMILY = "1,2";
				TEST_TARGET_NAME = DandyHacksProject;
			};
			name = Release;
		};
/* End XCBuildConfiguration section */

/* Begin XCConfigurationList section */
		326BADC62038BC390048CF91 /* Build configuration list for PBXProject "DandyHacksProject" */ = {
			isa = XCConfigurationList;
			buildConfigurations = (
				326BADF42038BC3A0048CF91 /* Debug */,
				326BADF52038BC3A0048CF91 /* Release */,
			);
			defaultConfigurationIsVisible = 0;
			defaultConfigurationName = Release;
		};
		326BADF62038BC3A0048CF91 /* Build configuration list for PBXNativeTarget "DandyHacksProject" */ = {
			isa = XCConfigurationList;
			buildConfigurations = (
				326BADF72038BC3A0048CF91 /* Debug */,
				326BADF82038BC3A0048CF91 /* Release */,
			);
			defaultConfigurationIsVisible = 0;
			defaultConfigurationName = Release;
		};
		326BADF92038BC3A0048CF91 /* Build configuration list for PBXNativeTarget "DandyHacksProjectTests" */ = {
			isa = XCConfigurationList;
			buildConfigurations = (
				326BADFA2038BC3A0048CF91 /* Debug */,
				326BADFB2038BC3A0048CF91 /* Release */,
			);
			defaultConfigurationIsVisible = 0;
			defaultConfigurationName = Release;
		};
		326BADFC2038BC3A0048CF91 /* Build configuration list for PBXNativeTarget "DandyHacksProjectUITests" */ = {
			isa = XCConfigurationList;
			buildConfigurations = (
				326BADFD2038BC3A0048CF91 /* Debug */,
				326BADFE2038BC3A0048CF91 /* Release */,
			);
			defaultConfigurationIsVisible = 0;
			defaultConfigurationName = Release;
		};
/* End XCConfigurationList section */

/* Begin XCVersionGroup section */
		326BADD52038BC3A0048CF91 /* DandyHacksProject.xcdatamodeld */ = {
			isa = XCVersionGroup;
			children = (
				326BADD62038BC3A0048CF91 /* DandyHacksProject.xcdatamodel */,
			);
			currentVersion = 326BADD62038BC3A0048CF91 /* DandyHacksProject.xcdatamodel */;
			path = DandyHacksProject.xcdatamodeld;
			sourceTree = "<group>";
			versionGroupType = wrapper.xcdatamodel;
		};
/* End XCVersionGroup section */
	};
	rootObject = 326BADC32038BC390048CF91 /* Project object */;
}
